
Microsoft Visual Studio Solution File, Format Version 12.00
# Visual Studio Version 17
VisualStudioVersion = 17.5.33627.172
MinimumVisualStudioVersion = 10.0.40219.1
Project("{FAE04EC0-301F-11D3-BF4B-00C04F79EFBC}") = "BulkIssue", "BulkIssue\BulkIssue.csproj", "{FDA85863-28C1-4813-9F55-7D85E9D9D165}"
EndProject
Project("{2150E333-8FDC-42A3-9474-1A3956D46DE8}") = "SQL", "SQL", "{D0CCD87E-4170-4EC4-8088-B72BC31B7A09}"
	ProjectSection(SolutionItems) = preProject
		BulkIssue.sql = BulkIssue.sql
	EndProjectSection
EndProject
Global
	GlobalSection(SolutionConfigurationPlatforms) = preSolution
		Debug|Any CPU = Debug|Any CPU
		Release|Any CPU = Release|Any CPU
	EndGlobalSection
	GlobalSection(ProjectConfigurationPlatforms) = postSolution
		{FDA85863-28C1-4813-9F55-7D85E9D9D165}.Debug|Any CPU.ActiveCfg = Debug|Any CPU
		{FDA85863-28C1-4813-9F55-7D85E9D9D165}.Debug|Any CPU.Build.0 = Debug|Any CPU
		{FDA85863-28C1-4813-9F55-7D85E9D9D165}.Release|Any CPU.ActiveCfg = Release|Any CPU
		{FDA85863-28C1-4813-9F55-7D85E9D9D165}.Release|Any CPU.Build.0 = Release|Any CPU
	EndGlobalSection
	GlobalSection(SolutionProperties) = preSolution
		HideSolutionNode = FALSE
	EndGlobalSection
	GlobalSection(ExtensibilityGlobals) = postSolution
		SolutionGuid = {576A2DFB-4A54-43F5-96C2-50C81D464225}
	EndGlobalSection
EndGlobal
